
Microsoft Visual Studio Solution File, Format Version 11.00
# Visual Studio 2010
Project("{6989167D-11E4-40FE-8C1A-2192A86A7E90}") = "xfinas", "xfinas.vfproj", "{CE00EDDC-8F76-4DFB-A4C3-1CE78A09A13B}"
EndProject
Global
	GlobalSection(SolutionConfigurationPlatforms) = preSolution
		Debug|x64 = Debug|x64
	EndGlobalSection
	GlobalSection(ProjectConfigurationPlatforms) = postSolution
		{CE00EDDC-8F76-4DFB-A4C3-1CE78A09A13B}.Debug|x64.ActiveCfg = Debug|x64
		{CE00EDDC-8F76-4DFB-A4C3-1CE78A09A13B}.Debug|x64.Build.0 = Debug|x64
	EndGlobalSection
	GlobalSection(SolutionProperties) = preSolution
		HideSolutionNode = FALSE
	EndGlobalSection
EndGlobal
